// !$*UTF8*$!
{
	archiveVersion = 1;
	classes = {
	};
	objectVersion = 50;
	objects = {

/* Begin PBXBuildFile section */
		CF0446CE293C1CC10035832B /* DetailViewController.swift in Sources */ = {isa = PBXBuildFile; fileRef = CF0446CD293C1CC10035832B /* DetailViewController.swift */; };
		CF0446D1293C2ECD0035832B /* ProductionCompanieCollectionViewCell.swift in Sources */ = {isa = PBXBuildFile; fileRef = CF0446D0293C2ECD0035832B /* ProductionCompanieCollectionViewCell.swift */; };
		CF0446D6293C2FD30035832B /* GenresView.swift in Sources */ = {isa = PBXBuildFile; fileRef = CF0446D5293C2FD30035832B /* GenresView.swift */; };
		CF0446D9293C38900035832B /* UIStackView+extension.swift in Sources */ = {isa = PBXBuildFile; fileRef = CF0446D8293C38900035832B /* UIStackView+extension.swift */; };
		CF22ABB2293BA321006137B0 /* UIViewController+extension.swift in Sources */ = {isa = PBXBuildFile; fileRef = CF22ABB1293BA321006137B0 /* UIViewController+extension.swift */; };
		CF22ABB6293BA3FE006137B0 /* LoginViewModel.swift in Sources */ = {isa = PBXBuildFile; fileRef = CF22ABB5293BA3FE006137B0 /* LoginViewModel.swift */; };
		CF22ABB9293BA408006137B0 /* LoginViewModelProtocol.swift in Sources */ = {isa = PBXBuildFile; fileRef = CF22ABB8293BA408006137B0 /* LoginViewModelProtocol.swift */; };
		CF22ABBC293BA411006137B0 /* LoginViewModelOutput.swift in Sources */ = {isa = PBXBuildFile; fileRef = CF22ABBB293BA411006137B0 /* LoginViewModelOutput.swift */; };
		CF22ABBF293BA41B006137B0 /* LoginViewModelInput.swift in Sources */ = {isa = PBXBuildFile; fileRef = CF22ABBE293BA41B006137B0 /* LoginViewModelInput.swift */; };
		CF22ABC2293BA63A006137B0 /* User.swift in Sources */ = {isa = PBXBuildFile; fileRef = CF22ABC1293BA63A006137B0 /* User.swift */; };
		CF22ABC5293BA96B006137B0 /* CreateToken.swift in Sources */ = {isa = PBXBuildFile; fileRef = CF22ABC4293BA96B006137B0 /* CreateToken.swift */; };
		CF22ABCE293BB679006137B0 /* Authentication.swift in Sources */ = {isa = PBXBuildFile; fileRef = CF22ABCD293BB679006137B0 /* Authentication.swift */; };
		CF22ABD4293BE7BD006137B0 /* TvShowUserDefaults.swift in Sources */ = {isa = PBXBuildFile; fileRef = CF22ABD3293BE7BD006137B0 /* TvShowUserDefaults.swift */; };
		CF8BE6E9293A4EA400C7D130 /* AppDelegate.swift in Sources */ = {isa = PBXBuildFile; fileRef = CF8BE6E8293A4EA400C7D130 /* AppDelegate.swift */; };
		CF8BE6EB293A4EA400C7D130 /* SceneDelegate.swift in Sources */ = {isa = PBXBuildFile; fileRef = CF8BE6EA293A4EA400C7D130 /* SceneDelegate.swift */; };
		CF8BE6ED293A4EA400C7D130 /* MainViewController.swift in Sources */ = {isa = PBXBuildFile; fileRef = CF8BE6EC293A4EA400C7D130 /* MainViewController.swift */; };
		CF8BE6F5293A4EA500C7D130 /* LaunchScreen.storyboard in Resources */ = {isa = PBXBuildFile; fileRef = CF8BE6F3293A4EA500C7D130 /* LaunchScreen.storyboard */; };
		CF8BE752293A893800C7D130 /* Movies.swift in Sources */ = {isa = PBXBuildFile; fileRef = CF8BE751293A893800C7D130 /* Movies.swift */; };
		CF8BE758293A899C00C7D130 /* Localizable.strings in Resources */ = {isa = PBXBuildFile; fileRef = CF8BE75A293A899C00C7D130 /* Localizable.strings */; };
		CF8BE762293A8B7600C7D130 /* String+extension.swift in Sources */ = {isa = PBXBuildFile; fileRef = CF8BE761293A8B7600C7D130 /* String+extension.swift */; };
		CFA086B6293A9A5A005A7100 /* MovieCollectionViewCell.swift in Sources */ = {isa = PBXBuildFile; fileRef = CFA086B5293A9A5A005A7100 /* MovieCollectionViewCell.swift */; };
		CFA086BA293A9AFF005A7100 /* ApiManager.swift in Sources */ = {isa = PBXBuildFile; fileRef = CFA086B9293A9AFF005A7100 /* ApiManager.swift */; };
		CFA086BF293A9B22005A7100 /* Parsing.swift in Sources */ = {isa = PBXBuildFile; fileRef = CFA086BE293A9B22005A7100 /* Parsing.swift */; };
		CFA086C2293A9B4D005A7100 /* ApiError.swift in Sources */ = {isa = PBXBuildFile; fileRef = CFA086C1293A9B4D005A7100 /* ApiError.swift */; };
		CFA086C6293A9F84005A7100 /* MainViewModel.swift in Sources */ = {isa = PBXBuildFile; fileRef = CFA086C5293A9F84005A7100 /* MainViewModel.swift */; };
		CFA086CA293AA2FD005A7100 /* MainViewModelProtocol.swift in Sources */ = {isa = PBXBuildFile; fileRef = CFA086C9293AA2FD005A7100 /* MainViewModelProtocol.swift */; };
		CFA086CD293AA322005A7100 /* MainViewModelOutput.swift in Sources */ = {isa = PBXBuildFile; fileRef = CFA086CC293AA322005A7100 /* MainViewModelOutput.swift */; };
		CFA086D0293AA35D005A7100 /* MainViewModelInput.swift in Sources */ = {isa = PBXBuildFile; fileRef = CFA086CF293AA35D005A7100 /* MainViewModelInput.swift */; };
		CFA086D5293AA5A6005A7100 /* CategoryType.swift in Sources */ = {isa = PBXBuildFile; fileRef = CFA086D4293AA5A6005A7100 /* CategoryType.swift */; };
		CFA086DA293ABC9B005A7100 /* UIImageView+load.swift in Sources */ = {isa = PBXBuildFile; fileRef = CFA086D9293ABC9B005A7100 /* UIImageView+load.swift */; };
		CFA086DE293AC454005A7100 /* UILabel+extension.swift in Sources */ = {isa = PBXBuildFile; fileRef = CFA086DD293AC454005A7100 /* UILabel+extension.swift */; };
		CFA086E6293AEC99005A7100 /* ProfileViewController.swift in Sources */ = {isa = PBXBuildFile; fileRef = CFA086E5293AEC99005A7100 /* ProfileViewController.swift */; };
		CFA086EA293AF6B5005A7100 /* UIWindow+extension.swift in Sources */ = {isa = PBXBuildFile; fileRef = CFA086E9293AF6B5005A7100 /* UIWindow+extension.swift */; };
		CFA086EF293AF6F6005A7100 /* LoginViewController.swift in Sources */ = {isa = PBXBuildFile; fileRef = CFA086EE293AF6F6005A7100 /* LoginViewController.swift */; };
		CFA086F7293AFEAE005A7100 /* Assets.xcassets in Resources */ = {isa = PBXBuildFile; fileRef = CFA086F6293AFEAE005A7100 /* Assets.xcassets */; };
		CFCD896C293D06B700548C43 /* CreateByCollectionViewCell.swift in Sources */ = {isa = PBXBuildFile; fileRef = CFCD896B293D06B700548C43 /* CreateByCollectionViewCell.swift */; };
		CFCD896F293D184200548C43 /* Formatters.swift in Sources */ = {isa = PBXBuildFile; fileRef = CFCD896E293D184200548C43 /* Formatters.swift */; };
		CFCD8978293D23E500548C43 /* MainRepository.swift in Sources */ = {isa = PBXBuildFile; fileRef = CFCD8977293D23E500548C43 /* MainRepository.swift */; };
		CFCD897C293D23EF00548C43 /* MainRepositoryProtocol.swift in Sources */ = {isa = PBXBuildFile; fileRef = CFCD897B293D23EF00548C43 /* MainRepositoryProtocol.swift */; };
		CFCD8980293D241100548C43 /* MainUseCase.swift in Sources */ = {isa = PBXBuildFile; fileRef = CFCD897F293D241100548C43 /* MainUseCase.swift */; };
		CFCD8984293D241A00548C43 /* MainUseCaseProtocol.swift in Sources */ = {isa = PBXBuildFile; fileRef = CFCD8983293D241A00548C43 /* MainUseCaseProtocol.swift */; };
		CFCD898B293D268D00548C43 /* ProfileViewModel.swift in Sources */ = {isa = PBXBuildFile; fileRef = CFCD898A293D268D00548C43 /* ProfileViewModel.swift */; };
		CFCD898E293D269900548C43 /* ProfileViewModelInput.swift in Sources */ = {isa = PBXBuildFile; fileRef = CFCD898D293D269900548C43 /* ProfileViewModelInput.swift */; };
		CFCD8991293D26A200548C43 /* ProfileViewModelOutput.swift in Sources */ = {isa = PBXBuildFile; fileRef = CFCD8990293D26A200548C43 /* ProfileViewModelOutput.swift */; };
		CFCD8994293D26AA00548C43 /* ProfileViewModelProtocol.swift in Sources */ = {isa = PBXBuildFile; fileRef = CFCD8993293D26AA00548C43 /* ProfileViewModelProtocol.swift */; };
		CFCD899B293D278E00548C43 /* ProfileCoordinator.swift in Sources */ = {isa = PBXBuildFile; fileRef = CFCD899A293D278E00548C43 /* ProfileCoordinator.swift */; };
		CFCD899F293D283600548C43 /* ProfileSceneBuilder.swift in Sources */ = {isa = PBXBuildFile; fileRef = CFCD899E293D283600548C43 /* ProfileSceneBuilder.swift */; };
		CFCD89A9293D2F8500548C43 /* LoginRepository.swift in Sources */ = {isa = PBXBuildFile; fileRef = CFCD89A8293D2F8500548C43 /* LoginRepository.swift */; };
		CFCD89AD293D2F8D00548C43 /* LoginRepositoryProtocol.swift in Sources */ = {isa = PBXBuildFile; fileRef = CFCD89AC293D2F8D00548C43 /* LoginRepositoryProtocol.swift */; };
		CFCD89B0293D2F9E00548C43 /* LoginUseCase.swift in Sources */ = {isa = PBXBuildFile; fileRef = CFCD89AF293D2F9E00548C43 /* LoginUseCase.swift */; };
		CFCD89B3293D2FA700548C43 /* LoginUseCaseProtocol.swift in Sources */ = {isa = PBXBuildFile; fileRef = CFCD89B2293D2FA700548C43 /* LoginUseCaseProtocol.swift */; };
		CFCD89B6293D2FB400548C43 /* LoginSceneBuilder.swift in Sources */ = {isa = PBXBuildFile; fileRef = CFCD89B5293D2FB400548C43 /* LoginSceneBuilder.swift */; };
		CFCD89B9293D2FC700548C43 /* LoginCoordinator.swift in Sources */ = {isa = PBXBuildFile; fileRef = CFCD89B8293D2FC700548C43 /* LoginCoordinator.swift */; };
		CFFBAD2F293C93DC00A7F281 /* MakeComponents.swift in Sources */ = {isa = PBXBuildFile; fileRef = CFFBAD2C293C93DC00A7F281 /* MakeComponents.swift */; };
		CFFBAD30293C93DC00A7F281 /* TheMovieDBAPI.swift in Sources */ = {isa = PBXBuildFile; fileRef = CFFBAD2D293C93DC00A7F281 /* TheMovieDBAPI.swift */; };
		CFFBAD31293C93DC00A7F281 /* RequestType.swift in Sources */ = {isa = PBXBuildFile; fileRef = CFFBAD2E293C93DC00A7F281 /* RequestType.swift */; };
		CFFBAD37293C941F00A7F281 /* MainSceneBuilder.swift in Sources */ = {isa = PBXBuildFile; fileRef = CFFBAD34293C941F00A7F281 /* MainSceneBuilder.swift */; };
		CFFBAD38293C941F00A7F281 /* MainCoordinator.swift in Sources */ = {isa = PBXBuildFile; fileRef = CFFBAD36293C941F00A7F281 /* MainCoordinator.swift */; };
		CFFD2354293C6E63008CAA1D /* DetailViewModel.swift in Sources */ = {isa = PBXBuildFile; fileRef = CFFD2353293C6E63008CAA1D /* DetailViewModel.swift */; };
		CFFD2357293C6E8D008CAA1D /* DetailViewModelInput.swift in Sources */ = {isa = PBXBuildFile; fileRef = CFFD2356293C6E8D008CAA1D /* DetailViewModelInput.swift */; };
		CFFD235A293C6E96008CAA1D /* DetailViewModelOutput.swift in Sources */ = {isa = PBXBuildFile; fileRef = CFFD2359293C6E96008CAA1D /* DetailViewModelOutput.swift */; };
		CFFD235D293C6E9E008CAA1D /* DetailViewModelProtocol.swift in Sources */ = {isa = PBXBuildFile; fileRef = CFFD235C293C6E9E008CAA1D /* DetailViewModelProtocol.swift */; };
		CFFD2363293C704A008CAA1D /* DetailCoordinator.swift in Sources */ = {isa = PBXBuildFile; fileRef = CFFD2362293C704A008CAA1D /* DetailCoordinator.swift */; };
		CFFD2367293C7305008CAA1D /* MovieDetail.swift in Sources */ = {isa = PBXBuildFile; fileRef = CFFD2366293C7305008CAA1D /* MovieDetail.swift */; };
		CFFD236B293C76A8008CAA1D /* Coordinator.swift in Sources */ = {isa = PBXBuildFile; fileRef = CFFD236A293C76A8008CAA1D /* Coordinator.swift */; };
		CFFD236F293C77DD008CAA1D /* DetailSceneBuilder.swift in Sources */ = {isa = PBXBuildFile; fileRef = CFFD236E293C77DD008CAA1D /* DetailSceneBuilder.swift */; };
		CFFD2372293C784C008CAA1D /* DetailUseCase.swift in Sources */ = {isa = PBXBuildFile; fileRef = CFFD2371293C784C008CAA1D /* DetailUseCase.swift */; };
		CFFD2375293C785B008CAA1D /* DetailUseCaseProtocol.swift in Sources */ = {isa = PBXBuildFile; fileRef = CFFD2374293C785B008CAA1D /* DetailUseCaseProtocol.swift */; };
		CFFD2379293C78C4008CAA1D /* DetailRepository.swift in Sources */ = {isa = PBXBuildFile; fileRef = CFFD2378293C78C4008CAA1D /* DetailRepository.swift */; };
		CFFD237D293C78D0008CAA1D /* DetailRepositoryProtocol.swift in Sources */ = {isa = PBXBuildFile; fileRef = CFFD237C293C78D0008CAA1D /* DetailRepositoryProtocol.swift */; };
/* End PBXBuildFile section */

/* Begin PBXFileReference section */
		CF0446CD293C1CC10035832B /* DetailViewController.swift */ = {isa = PBXFileReference; lastKnownFileType = sourcecode.swift; path = DetailViewController.swift; sourceTree = "<group>"; };
		CF0446D0293C2ECD0035832B /* ProductionCompanieCollectionViewCell.swift */ = {isa = PBXFileReference; lastKnownFileType = sourcecode.swift; path = ProductionCompanieCollectionViewCell.swift; sourceTree = "<group>"; };
		CF0446D5293C2FD30035832B /* GenresView.swift */ = {isa = PBXFileReference; lastKnownFileType = sourcecode.swift; path = GenresView.swift; sourceTree = "<group>"; };
		CF0446D8293C38900035832B /* UIStackView+extension.swift */ = {isa = PBXFileReference; lastKnownFileType = sourcecode.swift; path = "UIStackView+extension.swift"; sourceTree = "<group>"; };
		CF22ABB1293BA321006137B0 /* UIViewController+extension.swift */ = {isa = PBXFileReference; lastKnownFileType = sourcecode.swift; path = "UIViewController+extension.swift"; sourceTree = "<group>"; };
		CF22ABB5293BA3FE006137B0 /* LoginViewModel.swift */ = {isa = PBXFileReference; lastKnownFileType = sourcecode.swift; path = LoginViewModel.swift; sourceTree = "<group>"; };
		CF22ABB8293BA408006137B0 /* LoginViewModelProtocol.swift */ = {isa = PBXFileReference; lastKnownFileType = sourcecode.swift; path = LoginViewModelProtocol.swift; sourceTree = "<group>"; };
		CF22ABBB293BA411006137B0 /* LoginViewModelOutput.swift */ = {isa = PBXFileReference; lastKnownFileType = sourcecode.swift; path = LoginViewModelOutput.swift; sourceTree = "<group>"; };
		CF22ABBE293BA41B006137B0 /* LoginViewModelInput.swift */ = {isa = PBXFileReference; lastKnownFileType = sourcecode.swift; path = LoginViewModelInput.swift; sourceTree = "<group>"; };
		CF22ABC1293BA63A006137B0 /* User.swift */ = {isa = PBXFileReference; lastKnownFileType = sourcecode.swift; path = User.swift; sourceTree = "<group>"; };
		CF22ABC4293BA96B006137B0 /* CreateToken.swift */ = {isa = PBXFileReference; lastKnownFileType = sourcecode.swift; path = CreateToken.swift; sourceTree = "<group>"; };
		CF22ABCD293BB679006137B0 /* Authentication.swift */ = {isa = PBXFileReference; lastKnownFileType = sourcecode.swift; path = Authentication.swift; sourceTree = "<group>"; };
		CF22ABD3293BE7BD006137B0 /* TvShowUserDefaults.swift */ = {isa = PBXFileReference; lastKnownFileType = sourcecode.swift; path = TvShowUserDefaults.swift; sourceTree = "<group>"; };
		CF8BE6E5293A4EA400C7D130 /* tvshows.app */ = {isa = PBXFileReference; explicitFileType = wrapper.application; includeInIndex = 0; path = tvshows.app; sourceTree = BUILT_PRODUCTS_DIR; };
		CF8BE6E8293A4EA400C7D130 /* AppDelegate.swift */ = {isa = PBXFileReference; lastKnownFileType = sourcecode.swift; path = AppDelegate.swift; sourceTree = "<group>"; };
		CF8BE6EA293A4EA400C7D130 /* SceneDelegate.swift */ = {isa = PBXFileReference; lastKnownFileType = sourcecode.swift; path = SceneDelegate.swift; sourceTree = "<group>"; };
		CF8BE6EC293A4EA400C7D130 /* MainViewController.swift */ = {isa = PBXFileReference; lastKnownFileType = sourcecode.swift; path = MainViewController.swift; sourceTree = "<group>"; };
		CF8BE6F4293A4EA500C7D130 /* Base */ = {isa = PBXFileReference; lastKnownFileType = file.storyboard; name = Base; path = Base.lproj/LaunchScreen.storyboard; sourceTree = "<group>"; };
		CF8BE6F6293A4EA500C7D130 /* Info.plist */ = {isa = PBXFileReference; lastKnownFileType = text.plist.xml; path = Info.plist; sourceTree = "<group>"; };
		CF8BE751293A893800C7D130 /* Movies.swift */ = {isa = PBXFileReference; lastKnownFileType = sourcecode.swift; path = Movies.swift; sourceTree = "<group>"; };
		CF8BE759293A899C00C7D130 /* en */ = {isa = PBXFileReference; lastKnownFileType = text.plist.strings; name = en; path = en.lproj/Localizable.strings; sourceTree = "<group>"; };
		CF8BE761293A8B7600C7D130 /* String+extension.swift */ = {isa = PBXFileReference; lastKnownFileType = sourcecode.swift; path = "String+extension.swift"; sourceTree = "<group>"; };
		CFA086B5293A9A5A005A7100 /* MovieCollectionViewCell.swift */ = {isa = PBXFileReference; lastKnownFileType = sourcecode.swift; path = MovieCollectionViewCell.swift; sourceTree = "<group>"; };
		CFA086B9293A9AFF005A7100 /* ApiManager.swift */ = {isa = PBXFileReference; lastKnownFileType = sourcecode.swift; path = ApiManager.swift; sourceTree = "<group>"; };
		CFA086BE293A9B22005A7100 /* Parsing.swift */ = {isa = PBXFileReference; lastKnownFileType = sourcecode.swift; path = Parsing.swift; sourceTree = "<group>"; };
		CFA086C1293A9B4D005A7100 /* ApiError.swift */ = {isa = PBXFileReference; lastKnownFileType = sourcecode.swift; path = ApiError.swift; sourceTree = "<group>"; };
		CFA086C5293A9F84005A7100 /* MainViewModel.swift */ = {isa = PBXFileReference; lastKnownFileType = sourcecode.swift; path = MainViewModel.swift; sourceTree = "<group>"; };
		CFA086C9293AA2FD005A7100 /* MainViewModelProtocol.swift */ = {isa = PBXFileReference; lastKnownFileType = sourcecode.swift; path = MainViewModelProtocol.swift; sourceTree = "<group>"; };
		CFA086CC293AA322005A7100 /* MainViewModelOutput.swift */ = {isa = PBXFileReference; lastKnownFileType = sourcecode.swift; path = MainViewModelOutput.swift; sourceTree = "<group>"; };
		CFA086CF293AA35D005A7100 /* MainViewModelInput.swift */ = {isa = PBXFileReference; lastKnownFileType = sourcecode.swift; path = MainViewModelInput.swift; sourceTree = "<group>"; };
		CFA086D4293AA5A6005A7100 /* CategoryType.swift */ = {isa = PBXFileReference; lastKnownFileType = sourcecode.swift; path = CategoryType.swift; sourceTree = "<group>"; };
		CFA086D9293ABC9B005A7100 /* UIImageView+load.swift */ = {isa = PBXFileReference; lastKnownFileType = sourcecode.swift; path = "UIImageView+load.swift"; sourceTree = "<group>"; };
		CFA086DD293AC454005A7100 /* UILabel+extension.swift */ = {isa = PBXFileReference; lastKnownFileType = sourcecode.swift; path = "UILabel+extension.swift"; sourceTree = "<group>"; };
		CFA086E5293AEC99005A7100 /* ProfileViewController.swift */ = {isa = PBXFileReference; lastKnownFileType = sourcecode.swift; path = ProfileViewController.swift; sourceTree = "<group>"; };
		CFA086E9293AF6B5005A7100 /* UIWindow+extension.swift */ = {isa = PBXFileReference; lastKnownFileType = sourcecode.swift; path = "UIWindow+extension.swift"; sourceTree = "<group>"; };
		CFA086EE293AF6F6005A7100 /* LoginViewController.swift */ = {isa = PBXFileReference; lastKnownFileType = sourcecode.swift; path = LoginViewController.swift; sourceTree = "<group>"; };
		CFA086F6293AFEAE005A7100 /* Assets.xcassets */ = {isa = PBXFileReference; lastKnownFileType = folder.assetcatalog; path = Assets.xcassets; sourceTree = "<group>"; };
		CFCD896B293D06B700548C43 /* CreateByCollectionViewCell.swift */ = {isa = PBXFileReference; lastKnownFileType = sourcecode.swift; path = CreateByCollectionViewCell.swift; sourceTree = "<group>"; };
		CFCD896E293D184200548C43 /* Formatters.swift */ = {isa = PBXFileReference; lastKnownFileType = sourcecode.swift; path = Formatters.swift; sourceTree = "<group>"; };
		CFCD8977293D23E500548C43 /* MainRepository.swift */ = {isa = PBXFileReference; lastKnownFileType = sourcecode.swift; path = MainRepository.swift; sourceTree = "<group>"; };
		CFCD897B293D23EF00548C43 /* MainRepositoryProtocol.swift */ = {isa = PBXFileReference; lastKnownFileType = sourcecode.swift; path = MainRepositoryProtocol.swift; sourceTree = "<group>"; };
		CFCD897F293D241100548C43 /* MainUseCase.swift */ = {isa = PBXFileReference; lastKnownFileType = sourcecode.swift; path = MainUseCase.swift; sourceTree = "<group>"; };
		CFCD8983293D241A00548C43 /* MainUseCaseProtocol.swift */ = {isa = PBXFileReference; lastKnownFileType = sourcecode.swift; path = MainUseCaseProtocol.swift; sourceTree = "<group>"; };
		CFCD898A293D268D00548C43 /* ProfileViewModel.swift */ = {isa = PBXFileReference; lastKnownFileType = sourcecode.swift; path = ProfileViewModel.swift; sourceTree = "<group>"; };
		CFCD898D293D269900548C43 /* ProfileViewModelInput.swift */ = {isa = PBXFileReference; lastKnownFileType = sourcecode.swift; path = ProfileViewModelInput.swift; sourceTree = "<group>"; };
		CFCD8990293D26A200548C43 /* ProfileViewModelOutput.swift */ = {isa = PBXFileReference; lastKnownFileType = sourcecode.swift; path = ProfileViewModelOutput.swift; sourceTree = "<group>"; };
		CFCD8993293D26AA00548C43 /* ProfileViewModelProtocol.swift */ = {isa = PBXFileReference; lastKnownFileType = sourcecode.swift; path = ProfileViewModelProtocol.swift; sourceTree = "<group>"; };
		CFCD899A293D278E00548C43 /* ProfileCoordinator.swift */ = {isa = PBXFileReference; lastKnownFileType = sourcecode.swift; path = ProfileCoordinator.swift; sourceTree = "<group>"; };
		CFCD899E293D283600548C43 /* ProfileSceneBuilder.swift */ = {isa = PBXFileReference; lastKnownFileType = sourcecode.swift; path = ProfileSceneBuilder.swift; sourceTree = "<group>"; };
		CFCD89A8293D2F8500548C43 /* LoginRepository.swift */ = {isa = PBXFileReference; lastKnownFileType = sourcecode.swift; path = LoginRepository.swift; sourceTree = "<group>"; };
		CFCD89AC293D2F8D00548C43 /* LoginRepositoryProtocol.swift */ = {isa = PBXFileReference; lastKnownFileType = sourcecode.swift; path = LoginRepositoryProtocol.swift; sourceTree = "<group>"; };
		CFCD89AF293D2F9E00548C43 /* LoginUseCase.swift */ = {isa = PBXFileReference; lastKnownFileType = sourcecode.swift; path = LoginUseCase.swift; sourceTree = "<group>"; };
		CFCD89B2293D2FA700548C43 /* LoginUseCaseProtocol.swift */ = {isa = PBXFileReference; lastKnownFileType = sourcecode.swift; path = LoginUseCaseProtocol.swift; sourceTree = "<group>"; };
		CFCD89B5293D2FB400548C43 /* LoginSceneBuilder.swift */ = {isa = PBXFileReference; lastKnownFileType = sourcecode.swift; path = LoginSceneBuilder.swift; sourceTree = "<group>"; };
		CFCD89B8293D2FC700548C43 /* LoginCoordinator.swift */ = {isa = PBXFileReference; lastKnownFileType = sourcecode.swift; path = LoginCoordinator.swift; sourceTree = "<group>"; };
		CFFBAD2C293C93DC00A7F281 /* MakeComponents.swift */ = {isa = PBXFileReference; fileEncoding = 4; lastKnownFileType = sourcecode.swift; path = MakeComponents.swift; sourceTree = "<group>"; };
		CFFBAD2D293C93DC00A7F281 /* TheMovieDBAPI.swift */ = {isa = PBXFileReference; fileEncoding = 4; lastKnownFileType = sourcecode.swift; path = TheMovieDBAPI.swift; sourceTree = "<group>"; };
		CFFBAD2E293C93DC00A7F281 /* RequestType.swift */ = {isa = PBXFileReference; fileEncoding = 4; lastKnownFileType = sourcecode.swift; path = RequestType.swift; sourceTree = "<group>"; };
		CFFBAD34293C941F00A7F281 /* MainSceneBuilder.swift */ = {isa = PBXFileReference; fileEncoding = 4; lastKnownFileType = sourcecode.swift; path = MainSceneBuilder.swift; sourceTree = "<group>"; };
		CFFBAD36293C941F00A7F281 /* MainCoordinator.swift */ = {isa = PBXFileReference; fileEncoding = 4; lastKnownFileType = sourcecode.swift; path = MainCoordinator.swift; sourceTree = "<group>"; };
		CFFD2353293C6E63008CAA1D /* DetailViewModel.swift */ = {isa = PBXFileReference; lastKnownFileType = sourcecode.swift; path = DetailViewModel.swift; sourceTree = "<group>"; };
		CFFD2356293C6E8D008CAA1D /* DetailViewModelInput.swift */ = {isa = PBXFileReference; lastKnownFileType = sourcecode.swift; path = DetailViewModelInput.swift; sourceTree = "<group>"; };
		CFFD2359293C6E96008CAA1D /* DetailViewModelOutput.swift */ = {isa = PBXFileReference; lastKnownFileType = sourcecode.swift; path = DetailViewModelOutput.swift; sourceTree = "<group>"; };
		CFFD235C293C6E9E008CAA1D /* DetailViewModelProtocol.swift */ = {isa = PBXFileReference; lastKnownFileType = sourcecode.swift; path = DetailViewModelProtocol.swift; sourceTree = "<group>"; };
		CFFD2362293C704A008CAA1D /* DetailCoordinator.swift */ = {isa = PBXFileReference; lastKnownFileType = sourcecode.swift; path = DetailCoordinator.swift; sourceTree = "<group>"; };
		CFFD2366293C7305008CAA1D /* MovieDetail.swift */ = {isa = PBXFileReference; lastKnownFileType = sourcecode.swift; path = MovieDetail.swift; sourceTree = "<group>"; };
		CFFD236A293C76A8008CAA1D /* Coordinator.swift */ = {isa = PBXFileReference; lastKnownFileType = sourcecode.swift; path = Coordinator.swift; sourceTree = "<group>"; };
		CFFD236E293C77DD008CAA1D /* DetailSceneBuilder.swift */ = {isa = PBXFileReference; lastKnownFileType = sourcecode.swift; path = DetailSceneBuilder.swift; sourceTree = "<group>"; };
		CFFD2371293C784C008CAA1D /* DetailUseCase.swift */ = {isa = PBXFileReference; lastKnownFileType = sourcecode.swift; path = DetailUseCase.swift; sourceTree = "<group>"; };
		CFFD2374293C785B008CAA1D /* DetailUseCaseProtocol.swift */ = {isa = PBXFileReference; lastKnownFileType = sourcecode.swift; path = DetailUseCaseProtocol.swift; sourceTree = "<group>"; };
		CFFD2378293C78C4008CAA1D /* DetailRepository.swift */ = {isa = PBXFileReference; lastKnownFileType = sourcecode.swift; path = DetailRepository.swift; sourceTree = "<group>"; };
		CFFD237C293C78D0008CAA1D /* DetailRepositoryProtocol.swift */ = {isa = PBXFileReference; lastKnownFileType = sourcecode.swift; path = DetailRepositoryProtocol.swift; sourceTree = "<group>"; };
/* End PBXFileReference section */

/* Begin PBXFrameworksBuildPhase section */
		CF8BE6E2293A4EA400C7D130 /* Frameworks */ = {
			isa = PBXFrameworksBuildPhase;
			buildActionMask = 2147483647;
			files = (
			);
			runOnlyForDeploymentPostprocessing = 0;
		};
/* End PBXFrameworksBuildPhase section */

/* Begin PBXGroup section */
		CF0446C6293C1A010035832B /* TvShow */ = {
			isa = PBXGroup;
			children = (
				CFCD897E293D240300548C43 /* UseCase */,
				CFCD8975293D22EB00548C43 /* Repository */,
				CFFBAD35293C941F00A7F281 /* Navigation */,
				CFFBAD33293C941F00A7F281 /* SceneBuilder */,
				CF8BE74A293A88D200C7D130 /* View */,
				CFA086C4293A9F6B005A7100 /* ViewModel */,
			);
			path = TvShow;
			sourceTree = "<group>";
		};
		CF0446C7293C1A3C0035832B /* Base */ = {
			isa = PBXGroup;
			children = (
				CFA086F6293AFEAE005A7100 /* Assets.xcassets */,
				CF8BE6E8293A4EA400C7D130 /* AppDelegate.swift */,
				CF8BE6EA293A4EA400C7D130 /* SceneDelegate.swift */,
				CF8BE6F3293A4EA500C7D130 /* LaunchScreen.storyboard */,
			);
			path = Base;
			sourceTree = "<group>";
		};
		CF0446CA293C1A960035832B /* Detail */ = {
			isa = PBXGroup;
			children = (
				CFFD2377293C78B3008CAA1D /* Repository */,
				CFFD2360293C6FE4008CAA1D /* SceneBuilder */,
				CFFD2361293C6FF3008CAA1D /* UseCase */,
				CFFD235F293C6FD7008CAA1D /* Navigation */,
				CF0446CC293C1AAB0035832B /* ViewModel */,
				CF0446CB293C1AA70035832B /* View */,
			);
			path = Detail;
			sourceTree = "<group>";
		};
		CF0446CB293C1AA70035832B /* View */ = {
			isa = PBXGroup;
			children = (
				CF0446D4293C2F800035832B /* Views */,
				CF0446D3293C2F660035832B /* Cells */,
				CF0446CD293C1CC10035832B /* DetailViewController.swift */,
			);
			path = View;
			sourceTree = "<group>";
		};
		CF0446CC293C1AAB0035832B /* ViewModel */ = {
			isa = PBXGroup;
			children = (
				CFFD2353293C6E63008CAA1D /* DetailViewModel.swift */,
				CFFD2356293C6E8D008CAA1D /* DetailViewModelInput.swift */,
				CFFD2359293C6E96008CAA1D /* DetailViewModelOutput.swift */,
				CFFD235C293C6E9E008CAA1D /* DetailViewModelProtocol.swift */,
			);
			path = ViewModel;
			sourceTree = "<group>";
		};
		CF0446D3293C2F660035832B /* Cells */ = {
			isa = PBXGroup;
			children = (
				CF0446D0293C2ECD0035832B /* ProductionCompanieCollectionViewCell.swift */,
				CFCD896B293D06B700548C43 /* CreateByCollectionViewCell.swift */,
			);
			path = Cells;
			sourceTree = "<group>";
		};
		CF0446D4293C2F800035832B /* Views */ = {
			isa = PBXGroup;
			children = (
				CF0446D5293C2FD30035832B /* GenresView.swift */,
			);
			path = Views;
			sourceTree = "<group>";
		};
		CF22ABB4293BA3E4006137B0 /* ViewModel */ = {
			isa = PBXGroup;
			children = (
				CF22ABB5293BA3FE006137B0 /* LoginViewModel.swift */,
				CF22ABB8293BA408006137B0 /* LoginViewModelProtocol.swift */,
				CF22ABBB293BA411006137B0 /* LoginViewModelOutput.swift */,
				CF22ABBE293BA41B006137B0 /* LoginViewModelInput.swift */,
			);
			path = ViewModel;
			sourceTree = "<group>";
		};
		CF8BE6DC293A4EA400C7D130 = {
			isa = PBXGroup;
			children = (
				CF8BE6E7293A4EA400C7D130 /* tvshows */,
				CF8BE6E6293A4EA400C7D130 /* Products */,
			);
			sourceTree = "<group>";
		};
		CF8BE6E6293A4EA400C7D130 /* Products */ = {
			isa = PBXGroup;
			children = (
				CF8BE6E5293A4EA400C7D130 /* tvshows.app */,
			);
			name = Products;
			sourceTree = "<group>";
		};
		CF8BE6E7293A4EA400C7D130 /* tvshows */ = {
			isa = PBXGroup;
			children = (
				CF0446CA293C1A960035832B /* Detail */,
				CF8BE6F6293A4EA500C7D130 /* Info.plist */,
				CF0446C7293C1A3C0035832B /* Base */,
				CF0446C6293C1A010035832B /* TvShow */,
				CFA086EC293AF6E1005A7100 /* Login */,
				CFA086E2293AEC71005A7100 /* Profile */,
				CFA086BD293A9B14005A7100 /* Utils */,
				CFA086B8293A9ADA005A7100 /* Networking */,
				CF8BE760293A8B6600C7D130 /* Extensions */,
				CF8BE75C293A89A400C7D130 /* Strings */,
				CF8BE750293A892500C7D130 /* Entities */,
			);
			path = tvshows;
			sourceTree = "<group>";
		};
		CF8BE74A293A88D200C7D130 /* View */ = {
			isa = PBXGroup;
			children = (
				CFA086B4293A9A4B005A7100 /* Cells */,
				CF8BE6EC293A4EA400C7D130 /* MainViewController.swift */,
			);
			path = View;
			sourceTree = "<group>";
		};
		CF8BE750293A892500C7D130 /* Entities */ = {
			isa = PBXGroup;
			children = (
				CF8BE751293A893800C7D130 /* Movies.swift */,
				CF22ABC1293BA63A006137B0 /* User.swift */,
				CF22ABC4293BA96B006137B0 /* CreateToken.swift */,
				CF22ABCD293BB679006137B0 /* Authentication.swift */,
				CFFD2366293C7305008CAA1D /* MovieDetail.swift */,
			);
			path = Entities;
			sourceTree = "<group>";
		};
		CF8BE75C293A89A400C7D130 /* Strings */ = {
			isa = PBXGroup;
			children = (
				CF8BE75A293A899C00C7D130 /* Localizable.strings */,
			);
			path = Strings;
			sourceTree = "<group>";
		};
		CF8BE760293A8B6600C7D130 /* Extensions */ = {
			isa = PBXGroup;
			children = (
				CF8BE761293A8B7600C7D130 /* String+extension.swift */,
				CFA086D9293ABC9B005A7100 /* UIImageView+load.swift */,
				CFA086DD293AC454005A7100 /* UILabel+extension.swift */,
				CFA086E9293AF6B5005A7100 /* UIWindow+extension.swift */,
				CF22ABB1293BA321006137B0 /* UIViewController+extension.swift */,
				CF0446D8293C38900035832B /* UIStackView+extension.swift */,
			);
			path = Extensions;
			sourceTree = "<group>";
		};
		CFA086B4293A9A4B005A7100 /* Cells */ = {
			isa = PBXGroup;
			children = (
				CFA086B5293A9A5A005A7100 /* MovieCollectionViewCell.swift */,
			);
			path = Cells;
			sourceTree = "<group>";
		};
		CFA086B8293A9ADA005A7100 /* Networking */ = {
			isa = PBXGroup;
			children = (
				CFFBAD2C293C93DC00A7F281 /* MakeComponents.swift */,
				CFFBAD2E293C93DC00A7F281 /* RequestType.swift */,
				CFFBAD2D293C93DC00A7F281 /* TheMovieDBAPI.swift */,
				CFA086B9293A9AFF005A7100 /* ApiManager.swift */,
				CFA086C1293A9B4D005A7100 /* ApiError.swift */,
			);
			path = Networking;
			sourceTree = "<group>";
		};
		CFA086BD293A9B14005A7100 /* Utils */ = {
			isa = PBXGroup;
			children = (
				CFA086BE293A9B22005A7100 /* Parsing.swift */,
				CFA086D4293AA5A6005A7100 /* CategoryType.swift */,
				CF22ABD3293BE7BD006137B0 /* TvShowUserDefaults.swift */,
				CFFD236A293C76A8008CAA1D /* Coordinator.swift */,
				CFCD896E293D184200548C43 /* Formatters.swift */,
			);
			path = Utils;
			sourceTree = "<group>";
		};
		CFA086C4293A9F6B005A7100 /* ViewModel */ = {
			isa = PBXGroup;
			children = (
				CFA086C5293A9F84005A7100 /* MainViewModel.swift */,
				CFA086C9293AA2FD005A7100 /* MainViewModelProtocol.swift */,
				CFA086CC293AA322005A7100 /* MainViewModelOutput.swift */,
				CFA086CF293AA35D005A7100 /* MainViewModelInput.swift */,
			);
			path = ViewModel;
			sourceTree = "<group>";
		};
		CFA086E2293AEC71005A7100 /* Profile */ = {
			isa = PBXGroup;
			children = (
				CFCD8998293D276800548C43 /* Navigation */,
				CFCD8997293D276000548C43 /* SceneBuilder */,
				CFA086E4293AEC7C005A7100 /* ViewModel */,
				CFA086E3293AEC78005A7100 /* View */,
			);
			path = Profile;
			sourceTree = "<group>";
		};
		CFA086E3293AEC78005A7100 /* View */ = {
			isa = PBXGroup;
			children = (
				CFA086E5293AEC99005A7100 /* ProfileViewController.swift */,
			);
			path = View;
			sourceTree = "<group>";
		};
		CFA086E4293AEC7C005A7100 /* ViewModel */ = {
			isa = PBXGroup;
			children = (
				CFCD898A293D268D00548C43 /* ProfileViewModel.swift */,
				CFCD898D293D269900548C43 /* ProfileViewModelInput.swift */,
				CFCD8990293D26A200548C43 /* ProfileViewModelOutput.swift */,
				CFCD8993293D26AA00548C43 /* ProfileViewModelProtocol.swift */,
			);
			path = ViewModel;
			sourceTree = "<group>";
		};
		CFA086EC293AF6E1005A7100 /* Login */ = {
			isa = PBXGroup;
			children = (
				CFCD89A7293D2F7300548C43 /* Repository */,
				CFCD89A6293D2F6B00548C43 /* UseCase */,
				CFCD89A5293D2F6200548C43 /* SceneBuilder */,
				CFCD89A4293D2F5000548C43 /* Navigation */,
				CF22ABB4293BA3E4006137B0 /* ViewModel */,
				CFA086ED293AF6E7005A7100 /* View */,
			);
			path = Login;
			sourceTree = "<group>";
		};
		CFA086ED293AF6E7005A7100 /* View */ = {
			isa = PBXGroup;
			children = (
				CFA086EE293AF6F6005A7100 /* LoginViewController.swift */,
			);
			path = View;
			sourceTree = "<group>";
		};
		CFCD8975293D22EB00548C43 /* Repository */ = {
			isa = PBXGroup;
			children = (
				CFCD8977293D23E500548C43 /* MainRepository.swift */,
				CFCD897B293D23EF00548C43 /* MainRepositoryProtocol.swift */,
			);
			path = Repository;
			sourceTree = "<group>";
		};
		CFCD897E293D240300548C43 /* UseCase */ = {
			isa = PBXGroup;
			children = (
				CFCD897F293D241100548C43 /* MainUseCase.swift */,
				CFCD8983293D241A00548C43 /* MainUseCaseProtocol.swift */,
			);
			path = UseCase;
			sourceTree = "<group>";
		};
		CFCD8997293D276000548C43 /* SceneBuilder */ = {
			isa = PBXGroup;
			children = (
				CFCD899E293D283600548C43 /* ProfileSceneBuilder.swift */,
			);
			path = SceneBuilder;
			sourceTree = "<group>";
		};
		CFCD8998293D276800548C43 /* Navigation */ = {
			isa = PBXGroup;
			children = (
				CFCD899A293D278E00548C43 /* ProfileCoordinator.swift */,
			);
			path = Navigation;
			sourceTree = "<group>";
		};
		CFCD89A4293D2F5000548C43 /* Navigation */ = {
			isa = PBXGroup;
			children = (
				CFCD89B8293D2FC700548C43 /* LoginCoordinator.swift */,
			);
			path = Navigation;
			sourceTree = "<group>";
		};
		CFCD89A5293D2F6200548C43 /* SceneBuilder */ = {
			isa = PBXGroup;
			children = (
				CFCD89B5293D2FB400548C43 /* LoginSceneBuilder.swift */,
			);
			path = SceneBuilder;
			sourceTree = "<group>";
		};
		CFCD89A6293D2F6B00548C43 /* UseCase */ = {
			isa = PBXGroup;
			children = (
				CFCD89AF293D2F9E00548C43 /* LoginUseCase.swift */,
				CFCD89B2293D2FA700548C43 /* LoginUseCaseProtocol.swift */,
			);
			path = UseCase;
			sourceTree = "<group>";
		};
		CFCD89A7293D2F7300548C43 /* Repository */ = {
			isa = PBXGroup;
			children = (
				CFCD89A8293D2F8500548C43 /* LoginRepository.swift */,
				CFCD89AC293D2F8D00548C43 /* LoginRepositoryProtocol.swift */,
			);
			path = Repository;
			sourceTree = "<group>";
		};
		CFFBAD33293C941F00A7F281 /* SceneBuilder */ = {
			isa = PBXGroup;
			children = (
				CFFBAD34293C941F00A7F281 /* MainSceneBuilder.swift */,
			);
			path = SceneBuilder;
			sourceTree = "<group>";
		};
		CFFBAD35293C941F00A7F281 /* Navigation */ = {
			isa = PBXGroup;
			children = (
				CFFBAD36293C941F00A7F281 /* MainCoordinator.swift */,
			);
			path = Navigation;
			sourceTree = "<group>";
		};
		CFFD235F293C6FD7008CAA1D /* Navigation */ = {
			isa = PBXGroup;
			children = (
				CFFD2362293C704A008CAA1D /* DetailCoordinator.swift */,
			);
			path = Navigation;
			sourceTree = "<group>";
		};
		CFFD2360293C6FE4008CAA1D /* SceneBuilder */ = {
			isa = PBXGroup;
			children = (
				CFFD236E293C77DD008CAA1D /* DetailSceneBuilder.swift */,
			);
			path = SceneBuilder;
			sourceTree = "<group>";
		};
		CFFD2361293C6FF3008CAA1D /* UseCase */ = {
			isa = PBXGroup;
			children = (
				CFFD2371293C784C008CAA1D /* DetailUseCase.swift */,
				CFFD2374293C785B008CAA1D /* DetailUseCaseProtocol.swift */,
			);
			path = UseCase;
			sourceTree = "<group>";
		};
		CFFD2377293C78B3008CAA1D /* Repository */ = {
			isa = PBXGroup;
			children = (
				CFFD2378293C78C4008CAA1D /* DetailRepository.swift */,
				CFFD237C293C78D0008CAA1D /* DetailRepositoryProtocol.swift */,
			);
			path = Repository;
			sourceTree = "<group>";
		};
/* End PBXGroup section */

/* Begin PBXNativeTarget section */
		CF8BE6E4293A4EA400C7D130 /* tvshows */ = {
			isa = PBXNativeTarget;
			buildConfigurationList = CF8BE6F9293A4EA500C7D130 /* Build configuration list for PBXNativeTarget "tvshows" */;
			buildPhases = (
				CF8BE6E1293A4EA400C7D130 /* Sources */,
				CF8BE6E2293A4EA400C7D130 /* Frameworks */,
				CF8BE6E3293A4EA400C7D130 /* Resources */,
			);
			buildRules = (
			);
			dependencies = (
			);
			name = tvshows;
			productName = tvshows;
			productReference = CF8BE6E5293A4EA400C7D130 /* tvshows.app */;
			productType = "com.apple.product-type.application";
		};
/* End PBXNativeTarget section */

/* Begin PBXProject section */
		CF8BE6DD293A4EA400C7D130 /* Project object */ = {
			isa = PBXProject;
			attributes = {
				LastSwiftUpdateCheck = 1200;
				LastUpgradeCheck = 1200;
				TargetAttributes = {
					CF8BE6E4293A4EA400C7D130 = {
						CreatedOnToolsVersion = 12.0.1;
					};
				};
			};
			buildConfigurationList = CF8BE6E0293A4EA400C7D130 /* Build configuration list for PBXProject "tvshows" */;
			compatibilityVersion = "Xcode 9.3";
			developmentRegion = en;
			hasScannedForEncodings = 0;
			knownRegions = (
				en,
				Base,
			);
			mainGroup = CF8BE6DC293A4EA400C7D130;
			productRefGroup = CF8BE6E6293A4EA400C7D130 /* Products */;
			projectDirPath = "";
			projectRoot = "";
			targets = (
				CF8BE6E4293A4EA400C7D130 /* tvshows */,
			);
		};
/* End PBXProject section */

/* Begin PBXResourcesBuildPhase section */
		CF8BE6E3293A4EA400C7D130 /* Resources */ = {
			isa = PBXResourcesBuildPhase;
			buildActionMask = 2147483647;
			files = (
				CF8BE6F5293A4EA500C7D130 /* LaunchScreen.storyboard in Resources */,
				CFA086F7293AFEAE005A7100 /* Assets.xcassets in Resources */,
				CF8BE758293A899C00C7D130 /* Localizable.strings in Resources */,
			);
			runOnlyForDeploymentPostprocessing = 0;
		};
/* End PBXResourcesBuildPhase section */

/* Begin PBXSourcesBuildPhase section */
		CF8BE6E1293A4EA400C7D130 /* Sources */ = {
			isa = PBXSourcesBuildPhase;
			buildActionMask = 2147483647;
			files = (
				CFFBAD31293C93DC00A7F281 /* RequestType.swift in Sources */,
				CFCD89B9293D2FC700548C43 /* LoginCoordinator.swift in Sources */,
				CF8BE752293A893800C7D130 /* Movies.swift in Sources */,
				CF22ABD4293BE7BD006137B0 /* TvShowUserDefaults.swift in Sources */,
				CFFD236B293C76A8008CAA1D /* Coordinator.swift in Sources */,
				CF8BE6ED293A4EA400C7D130 /* MainViewController.swift in Sources */,
				CFCD8984293D241A00548C43 /* MainUseCaseProtocol.swift in Sources */,
				CFCD898B293D268D00548C43 /* ProfileViewModel.swift in Sources */,
				CF8BE762293A8B7600C7D130 /* String+extension.swift in Sources */,
				CFFBAD30293C93DC00A7F281 /* TheMovieDBAPI.swift in Sources */,
				CFFD2367293C7305008CAA1D /* MovieDetail.swift in Sources */,
				CF22ABC2293BA63A006137B0 /* User.swift in Sources */,
				CFA086BA293A9AFF005A7100 /* ApiManager.swift in Sources */,
				CFA086EF293AF6F6005A7100 /* LoginViewController.swift in Sources */,
				CFFBAD37293C941F00A7F281 /* MainSceneBuilder.swift in Sources */,
				CFA086CD293AA322005A7100 /* MainViewModelOutput.swift in Sources */,
				CFCD89B0293D2F9E00548C43 /* LoginUseCase.swift in Sources */,
				CFA086EA293AF6B5005A7100 /* UIWindow+extension.swift in Sources */,
				CF0446CE293C1CC10035832B /* DetailViewController.swift in Sources */,
				CFFD2363293C704A008CAA1D /* DetailCoordinator.swift in Sources */,
				CFFD235A293C6E96008CAA1D /* DetailViewModelOutput.swift in Sources */,
				CFFD237D293C78D0008CAA1D /* DetailRepositoryProtocol.swift in Sources */,
				CF22ABCE293BB679006137B0 /* Authentication.swift in Sources */,
				CF0446D6293C2FD30035832B /* GenresView.swift in Sources */,
				CF22ABBC293BA411006137B0 /* LoginViewModelOutput.swift in Sources */,
				CFCD8991293D26A200548C43 /* ProfileViewModelOutput.swift in Sources */,
				CFCD89AD293D2F8D00548C43 /* LoginRepositoryProtocol.swift in Sources */,
				CFFBAD2F293C93DC00A7F281 /* MakeComponents.swift in Sources */,
				CF0446D9293C38900035832B /* UIStackView+extension.swift in Sources */,
				CF22ABC5293BA96B006137B0 /* CreateToken.swift in Sources */,
				CFFD236F293C77DD008CAA1D /* DetailSceneBuilder.swift in Sources */,
				CFCD899F293D283600548C43 /* ProfileSceneBuilder.swift in Sources */,
				CFCD899B293D278E00548C43 /* ProfileCoordinator.swift in Sources */,
				CFA086BF293A9B22005A7100 /* Parsing.swift in Sources */,
				CFCD89A9293D2F8500548C43 /* LoginRepository.swift in Sources */,
				CF22ABBF293BA41B006137B0 /* LoginViewModelInput.swift in Sources */,
				CFFD2379293C78C4008CAA1D /* DetailRepository.swift in Sources */,
				CFA086C6293A9F84005A7100 /* MainViewModel.swift in Sources */,
				CFCD8994293D26AA00548C43 /* ProfileViewModelProtocol.swift in Sources */,
				CFFBAD38293C941F00A7F281 /* MainCoordinator.swift in Sources */,
				CFA086E6293AEC99005A7100 /* ProfileViewController.swift in Sources */,
				CFA086D0293AA35D005A7100 /* MainViewModelInput.swift in Sources */,
				CFCD8978293D23E500548C43 /* MainRepository.swift in Sources */,
				CFA086DE293AC454005A7100 /* UILabel+extension.swift in Sources */,
				CFCD896F293D184200548C43 /* Formatters.swift in Sources */,
				CF22ABB2293BA321006137B0 /* UIViewController+extension.swift in Sources */,
				CFFD2357293C6E8D008CAA1D /* DetailViewModelInput.swift in Sources */,
				CFA086CA293AA2FD005A7100 /* MainViewModelProtocol.swift in Sources */,
				CF22ABB9293BA408006137B0 /* LoginViewModelProtocol.swift in Sources */,
				CFA086C2293A9B4D005A7100 /* ApiError.swift in Sources */,
				CFCD896C293D06B700548C43 /* CreateByCollectionViewCell.swift in Sources */,
				CFCD898E293D269900548C43 /* ProfileViewModelInput.swift in Sources */,
				CFFD2372293C784C008CAA1D /* DetailUseCase.swift in Sources */,
				CFCD89B6293D2FB400548C43 /* LoginSceneBuilder.swift in Sources */,
				CFA086B6293A9A5A005A7100 /* MovieCollectionViewCell.swift in Sources */,
				CFA086DA293ABC9B005A7100 /* UIImageView+load.swift in Sources */,
				CFCD8980293D241100548C43 /* MainUseCase.swift in Sources */,
				CFCD89B3293D2FA700548C43 /* LoginUseCaseProtocol.swift in Sources */,
				CFFD235D293C6E9E008CAA1D /* DetailViewModelProtocol.swift in Sources */,
				CF0446D1293C2ECD0035832B /* ProductionCompanieCollectionViewCell.swift in Sources */,
				CFCD897C293D23EF00548C43 /* MainRepositoryProtocol.swift in Sources */,
				CF8BE6E9293A4EA400C7D130 /* AppDelegate.swift in Sources */,
				CF8BE6EB293A4EA400C7D130 /* SceneDelegate.swift in Sources */,
				CFA086D5293AA5A6005A7100 /* CategoryType.swift in Sources */,
				CFFD2354293C6E63008CAA1D /* DetailViewModel.swift in Sources */,
				CFFD2375293C785B008CAA1D /* DetailUseCaseProtocol.swift in Sources */,
				CF22ABB6293BA3FE006137B0 /* LoginViewModel.swift in Sources */,
			);
			runOnlyForDeploymentPostprocessing = 0;
		};
/* End PBXSourcesBuildPhase section */

/* Begin PBXVariantGroup section */
		CF8BE6F3293A4EA500C7D130 /* LaunchScreen.storyboard */ = {
			isa = PBXVariantGroup;
			children = (
				CF8BE6F4293A4EA500C7D130 /* Base */,
			);
			name = LaunchScreen.storyboard;
			sourceTree = "<group>";
		};
		CF8BE75A293A899C00C7D130 /* Localizable.strings */ = {
			isa = PBXVariantGroup;
			children = (
				CF8BE759293A899C00C7D130 /* en */,
			);
			name = Localizable.strings;
			sourceTree = "<group>";
		};
/* End PBXVariantGroup section */

/* Begin XCBuildConfiguration section */
		CF8BE6F7293A4EA500C7D130 /* Debug */ = {
			isa = XCBuildConfiguration;
			buildSettings = {
				ALWAYS_SEARCH_USER_PATHS = NO;
				CLANG_ANALYZER_NONNULL = YES;
				CLANG_ANALYZER_NUMBER_OBJECT_CONVERSION = YES_AGGRESSIVE;
				CLANG_CXX_LANGUAGE_STANDARD = "gnu++14";
				CLANG_CXX_LIBRARY = "libc++";
				CLANG_ENABLE_MODULES = YES;
				CLANG_ENABLE_OBJC_ARC = YES;
				CLANG_ENABLE_OBJC_WEAK = YES;
				CLANG_WARN_BLOCK_CAPTURE_AUTORELEASING = YES;
				CLANG_WARN_BOOL_CONVERSION = YES;
				CLANG_WARN_COMMA = YES;
				CLANG_WARN_CONSTANT_CONVERSION = YES;
				CLANG_WARN_DEPRECATED_OBJC_IMPLEMENTATIONS = YES;
				CLANG_WARN_DIRECT_OBJC_ISA_USAGE = YES_ERROR;
				CLANG_WARN_DOCUMENTATION_COMMENTS = YES;
				CLANG_WARN_EMPTY_BODY = YES;
				CLANG_WARN_ENUM_CONVERSION = YES;
				CLANG_WARN_INFINITE_RECURSION = YES;
				CLANG_WARN_INT_CONVERSION = YES;
				CLANG_WARN_NON_LITERAL_NULL_CONVERSION = YES;
				CLANG_WARN_OBJC_IMPLICIT_RETAIN_SELF = YES;
				CLANG_WARN_OBJC_LITERAL_CONVERSION = YES;
				CLANG_WARN_OBJC_ROOT_CLASS = YES_ERROR;
				CLANG_WARN_QUOTED_INCLUDE_IN_FRAMEWORK_HEADER = YES;
				CLANG_WARN_RANGE_LOOP_ANALYSIS = YES;
				CLANG_WARN_STRICT_PROTOTYPES = YES;
				CLANG_WARN_SUSPICIOUS_MOVE = YES;
				CLANG_WARN_UNGUARDED_AVAILABILITY = YES_AGGRESSIVE;
				CLANG_WARN_UNREACHABLE_CODE = YES;
				CLANG_WARN__DUPLICATE_METHOD_MATCH = YES;
				COPY_PHASE_STRIP = NO;
				DEBUG_INFORMATION_FORMAT = dwarf;
				ENABLE_STRICT_OBJC_MSGSEND = YES;
				ENABLE_TESTABILITY = YES;
				GCC_C_LANGUAGE_STANDARD = gnu11;
				GCC_DYNAMIC_NO_PIC = NO;
				GCC_NO_COMMON_BLOCKS = YES;
				GCC_OPTIMIZATION_LEVEL = 0;
				GCC_PREPROCESSOR_DEFINITIONS = (
					"DEBUG=1",
					"$(inherited)",
				);
				GCC_WARN_64_TO_32_BIT_CONVERSION = YES;
				GCC_WARN_ABOUT_RETURN_TYPE = YES_ERROR;
				GCC_WARN_UNDECLARED_SELECTOR = YES;
				GCC_WARN_UNINITIALIZED_AUTOS = YES_AGGRESSIVE;
				GCC_WARN_UNUSED_FUNCTION = YES;
				GCC_WARN_UNUSED_VARIABLE = YES;
				IPHONEOS_DEPLOYMENT_TARGET = 14.0;
				MTL_ENABLE_DEBUG_INFO = INCLUDE_SOURCE;
				MTL_FAST_MATH = YES;
				ONLY_ACTIVE_ARCH = YES;
				SDKROOT = iphoneos;
				SWIFT_ACTIVE_COMPILATION_CONDITIONS = DEBUG;
				SWIFT_OPTIMIZATION_LEVEL = "-Onone";
			};
			name = Debug;
		};
		CF8BE6F8293A4EA500C7D130 /* Release */ = {
			isa = XCBuildConfiguration;
			buildSettings = {
				ALWAYS_SEARCH_USER_PATHS = NO;
				CLANG_ANALYZER_NONNULL = YES;
				CLANG_ANALYZER_NUMBER_OBJECT_CONVERSION = YES_AGGRESSIVE;
				CLANG_CXX_LANGUAGE_STANDARD = "gnu++14";
				CLANG_CXX_LIBRARY = "libc++";
				CLANG_ENABLE_MODULES = YES;
				CLANG_ENABLE_OBJC_ARC = YES;
				CLANG_ENABLE_OBJC_WEAK = YES;
				CLANG_WARN_BLOCK_CAPTURE_AUTORELEASING = YES;
				CLANG_WARN_BOOL_CONVERSION = YES;
				CLANG_WARN_COMMA = YES;
				CLANG_WARN_CONSTANT_CONVERSION = YES;
				CLANG_WARN_DEPRECATED_OBJC_IMPLEMENTATIONS = YES;
				CLANG_WARN_DIRECT_OBJC_ISA_USAGE = YES_ERROR;
				CLANG_WARN_DOCUMENTATION_COMMENTS = YES;
				CLANG_WARN_EMPTY_BODY = YES;
				CLANG_WARN_ENUM_CONVERSION = YES;
				CLANG_WARN_INFINITE_RECURSION = YES;
				CLANG_WARN_INT_CONVERSION = YES;
				CLANG_WARN_NON_LITERAL_NULL_CONVERSION = YES;
				CLANG_WARN_OBJC_IMPLICIT_RETAIN_SELF = YES;
				CLANG_WARN_OBJC_LITERAL_CONVERSION = YES;
				CLANG_WARN_OBJC_ROOT_CLASS = YES_ERROR;
				CLANG_WARN_QUOTED_INCLUDE_IN_FRAMEWORK_HEADER = YES;
				CLANG_WARN_RANGE_LOOP_ANALYSIS = YES;
				CLANG_WARN_STRICT_PROTOTYPES = YES;
				CLANG_WARN_SUSPICIOUS_MOVE = YES;
				CLANG_WARN_UNGUARDED_AVAILABILITY = YES_AGGRESSIVE;
				CLANG_WARN_UNREACHABLE_CODE = YES;
				CLANG_WARN__DUPLICATE_METHOD_MATCH = YES;
				COPY_PHASE_STRIP = NO;
				DEBUG_INFORMATION_FORMAT = "dwarf-with-dsym";
				ENABLE_NS_ASSERTIONS = NO;
				ENABLE_STRICT_OBJC_MSGSEND = YES;
				GCC_C_LANGUAGE_STANDARD = gnu11;
				GCC_NO_COMMON_BLOCKS = YES;
				GCC_WARN_64_TO_32_BIT_CONVERSION = YES;
				GCC_WARN_ABOUT_RETURN_TYPE = YES_ERROR;
				GCC_WARN_UNDECLARED_SELECTOR = YES;
				GCC_WARN_UNINITIALIZED_AUTOS = YES_AGGRESSIVE;
				GCC_WARN_UNUSED_FUNCTION = YES;
				GCC_WARN_UNUSED_VARIABLE = YES;
				IPHONEOS_DEPLOYMENT_TARGET = 14.0;
				MTL_ENABLE_DEBUG_INFO = NO;
				MTL_FAST_MATH = YES;
				SDKROOT = iphoneos;
				SWIFT_COMPILATION_MODE = wholemodule;
				SWIFT_OPTIMIZATION_LEVEL = "-O";
				VALIDATE_PRODUCT = YES;
			};
			name = Release;
		};
		CF8BE6FA293A4EA500C7D130 /* Debug */ = {
			isa = XCBuildConfiguration;
			buildSettings = {
				ASSETCATALOG_COMPILER_APPICON_NAME = AppIcon;
				ASSETCATALOG_COMPILER_GLOBAL_ACCENT_COLOR_NAME = AccentColor;
				CODE_SIGN_STYLE = Automatic;
				INFOPLIST_FILE = tvshows/Info.plist;
				LD_RUNPATH_SEARCH_PATHS = (
					"$(inherited)",
					"@executable_path/Frameworks",
				);
				PRODUCT_BUNDLE_IDENTIFIER = com.amg.tvshows;
				PRODUCT_NAME = "$(TARGET_NAME)";
				SWIFT_VERSION = 5.0;
				TARGETED_DEVICE_FAMILY = "1,2";
			};
			name = Debug;
		};
		CF8BE6FB293A4EA500C7D130 /* Release */ = {
			isa = XCBuildConfiguration;
			buildSettings = {
				ASSETCATALOG_COMPILER_APPICON_NAME = AppIcon;
				ASSETCATALOG_COMPILER_GLOBAL_ACCENT_COLOR_NAME = AccentColor;
				CODE_SIGN_STYLE = Automatic;
				INFOPLIST_FILE = tvshows/Info.plist;
				LD_RUNPATH_SEARCH_PATHS = (
					"$(inherited)",
					"@executable_path/Frameworks",
				);
				PRODUCT_BUNDLE_IDENTIFIER = com.amg.tvshows;
				PRODUCT_NAME = "$(TARGET_NAME)";
				SWIFT_VERSION = 5.0;
				TARGETED_DEVICE_FAMILY = "1,2";
			};
			name = Release;
		};
/* End XCBuildConfiguration section */

/* Begin XCConfigurationList section */
		CF8BE6E0293A4EA400C7D130 /* Build configuration list for PBXProject "tvshows" */ = {
			isa = XCConfigurationList;
			buildConfigurations = (
				CF8BE6F7293A4EA500C7D130 /* Debug */,
				CF8BE6F8293A4EA500C7D130 /* Release */,
			);
			defaultConfigurationIsVisible = 0;
			defaultConfigurationName = Release;
		};
		CF8BE6F9293A4EA500C7D130 /* Build configuration list for PBXNativeTarget "tvshows" */ = {
			isa = XCConfigurationList;
			buildConfigurations = (
				CF8BE6FA293A4EA500C7D130 /* Debug */,
				CF8BE6FB293A4EA500C7D130 /* Release */,
			);
			defaultConfigurationIsVisible = 0;
			defaultConfigurationName = Release;
		};
/* End XCConfigurationList section */
	};
	rootObject = CF8BE6DD293A4EA400C7D130 /* Project object */;
}
